// !$*UTF8*$!
{
	archiveVersion = 1;
	classes = {
	};
	objectVersion = 56;
	objects = {

/* Begin PBXBuildFile section */
		020F53802AACAF7000665871 /* WebViewController.swift in Sources */ = {isa = PBXBuildFile; fileRef = 020F537F2AACAF7000665871 /* WebViewController.swift */; };
		020F53822AACE3BE00665871 /* LikeCollectionViewCell.swift in Sources */ = {isa = PBXBuildFile; fileRef = 020F53812AACE3BE00665871 /* LikeCollectionViewCell.swift */; };
		020F53842AACE69F00665871 /* LikeView.swift in Sources */ = {isa = PBXBuildFile; fileRef = 020F53832AACE69F00665871 /* LikeView.swift */; };
		020F53862AAD84DE00665871 /* RealmModel.swift in Sources */ = {isa = PBXBuildFile; fileRef = 020F53852AAD84DE00665871 /* RealmModel.swift */; };
		020F53892AAD85B400665871 /* Realm in Frameworks */ = {isa = PBXBuildFile; productRef = 020F53882AAD85B400665871 /* Realm */; };
		020F538B2AAD85B400665871 /* RealmSwift in Frameworks */ = {isa = PBXBuildFile; productRef = 020F538A2AAD85B400665871 /* RealmSwift */; };
		020F538D2AAD997600665871 /* LikeTableRepository.swift in Sources */ = {isa = PBXBuildFile; fileRef = 020F538C2AAD997600665871 /* LikeTableRepository.swift */; };
		022C838E2AABFA9000A8651A /* NetworkManager.swift in Sources */ = {isa = PBXBuildFile; fileRef = 022C838D2AABFA9000A8651A /* NetworkManager.swift */; };
		022C83902AABFAA100A8651A /* API Key.swift in Sources */ = {isa = PBXBuildFile; fileRef = 022C838F2AABFAA000A8651A /* API Key.swift */; };
		022C83922AABFAB600A8651A /* .gitignore in Resources */ = {isa = PBXBuildFile; fileRef = 022C83912AABFAB600A8651A /* .gitignore */; };
		022C83962AAC11A700A8651A /* ShopModel.swift in Sources */ = {isa = PBXBuildFile; fileRef = 022C83952AAC11A700A8651A /* ShopModel.swift */; };
		02E59CE02AA9A34000D4D2A7 /* AppDelegate.swift in Sources */ = {isa = PBXBuildFile; fileRef = 02E59CDF2AA9A34000D4D2A7 /* AppDelegate.swift */; };
		02E59CE22AA9A34000D4D2A7 /* SceneDelegate.swift in Sources */ = {isa = PBXBuildFile; fileRef = 02E59CE12AA9A34000D4D2A7 /* SceneDelegate.swift */; };
		02E59CE42AA9A34000D4D2A7 /* ViewController.swift in Sources */ = {isa = PBXBuildFile; fileRef = 02E59CE32AA9A34000D4D2A7 /* ViewController.swift */; };
		02E59CE92AA9A34100D4D2A7 /* Assets.xcassets in Resources */ = {isa = PBXBuildFile; fileRef = 02E59CE82AA9A34100D4D2A7 /* Assets.xcassets */; };
		02E59CEC2AA9A34100D4D2A7 /* LaunchScreen.storyboard in Resources */ = {isa = PBXBuildFile; fileRef = 02E59CEA2AA9A34100D4D2A7 /* LaunchScreen.storyboard */; };
		02E59CF52AA9A42200D4D2A7 /* MainViewController.swift in Sources */ = {isa = PBXBuildFile; fileRef = 02E59CF42AA9A42200D4D2A7 /* MainViewController.swift */; };
		02E59CF82AA9A45D00D4D2A7 /* BaseViewController.swift in Sources */ = {isa = PBXBuildFile; fileRef = 02E59CF72AA9A45D00D4D2A7 /* BaseViewController.swift */; };
		02E59CFA2AA9A47D00D4D2A7 /* BseView.swift in Sources */ = {isa = PBXBuildFile; fileRef = 02E59CF92AA9A47D00D4D2A7 /* BseView.swift */; };
		02E59CFC2AA9A4C200D4D2A7 /* BaseCollectionViewCell.swift in Sources */ = {isa = PBXBuildFile; fileRef = 02E59CFB2AA9A4C200D4D2A7 /* BaseCollectionViewCell.swift */; };
		02E59CFF2AA9A5F900D4D2A7 /* MainView.swift in Sources */ = {isa = PBXBuildFile; fileRef = 02E59CFE2AA9A5F900D4D2A7 /* MainView.swift */; };
		02E59D012AA9A71600D4D2A7 /* MainCollectionViewCell.swift in Sources */ = {isa = PBXBuildFile; fileRef = 02E59D002AA9A71600D4D2A7 /* MainCollectionViewCell.swift */; };
		02E59D042AA9A78D00D4D2A7 /* SnapKit in Frameworks */ = {isa = PBXBuildFile; productRef = 02E59D032AA9A78D00D4D2A7 /* SnapKit */; };
		02E59D072AA9A7A400D4D2A7 /* Alamofire in Frameworks */ = {isa = PBXBuildFile; productRef = 02E59D062AA9A7A400D4D2A7 /* Alamofire */; };
		02E59D0A2AA9A7B500D4D2A7 /* Kingfisher in Frameworks */ = {isa = PBXBuildFile; productRef = 02E59D092AA9A7B500D4D2A7 /* Kingfisher */; };
		02E59D102AA9A7F700D4D2A7 /* Zip in Frameworks */ = {isa = PBXBuildFile; productRef = 02E59D0F2AA9A7F700D4D2A7 /* Zip */; };
		02E59D142AA9ACCC00D4D2A7 /* LikeViewController.swift in Sources */ = {isa = PBXBuildFile; fileRef = 02E59D132AA9ACCC00D4D2A7 /* LikeViewController.swift */; };
/* End PBXBuildFile section */

/* Begin PBXFileReference section */
		020F537F2AACAF7000665871 /* WebViewController.swift */ = {isa = PBXFileReference; lastKnownFileType = sourcecode.swift; path = WebViewController.swift; sourceTree = "<group>"; };
		020F53812AACE3BE00665871 /* LikeCollectionViewCell.swift */ = {isa = PBXFileReference; lastKnownFileType = sourcecode.swift; path = LikeCollectionViewCell.swift; sourceTree = "<group>"; };
		020F53832AACE69F00665871 /* LikeView.swift */ = {isa = PBXFileReference; lastKnownFileType = sourcecode.swift; path = LikeView.swift; sourceTree = "<group>"; };
		020F53852AAD84DE00665871 /* RealmModel.swift */ = {isa = PBXFileReference; lastKnownFileType = sourcecode.swift; path = RealmModel.swift; sourceTree = "<group>"; };
		020F538C2AAD997600665871 /* LikeTableRepository.swift */ = {isa = PBXFileReference; lastKnownFileType = sourcecode.swift; path = LikeTableRepository.swift; sourceTree = "<group>"; };
		022C838D2AABFA9000A8651A /* NetworkManager.swift */ = {isa = PBXFileReference; lastKnownFileType = sourcecode.swift; path = NetworkManager.swift; sourceTree = "<group>"; };
		022C838F2AABFAA000A8651A /* API Key.swift */ = {isa = PBXFileReference; lastKnownFileType = sourcecode.swift; path = "API Key.swift"; sourceTree = "<group>"; };
		022C83912AABFAB600A8651A /* .gitignore */ = {isa = PBXFileReference; lastKnownFileType = text; path = .gitignore; sourceTree = "<group>"; };
		022C83952AAC11A700A8651A /* ShopModel.swift */ = {isa = PBXFileReference; lastKnownFileType = sourcecode.swift; path = ShopModel.swift; sourceTree = "<group>"; };
		02E59CDC2AA9A34000D4D2A7 /* Recap Shopping.app */ = {isa = PBXFileReference; explicitFileType = wrapper.application; includeInIndex = 0; path = "Recap Shopping.app"; sourceTree = BUILT_PRODUCTS_DIR; };
		02E59CDF2AA9A34000D4D2A7 /* AppDelegate.swift */ = {isa = PBXFileReference; lastKnownFileType = sourcecode.swift; path = AppDelegate.swift; sourceTree = "<group>"; };
		02E59CE12AA9A34000D4D2A7 /* SceneDelegate.swift */ = {isa = PBXFileReference; lastKnownFileType = sourcecode.swift; path = SceneDelegate.swift; sourceTree = "<group>"; };
		02E59CE32AA9A34000D4D2A7 /* ViewController.swift */ = {isa = PBXFileReference; lastKnownFileType = sourcecode.swift; path = ViewController.swift; sourceTree = "<group>"; };
		02E59CE82AA9A34100D4D2A7 /* Assets.xcassets */ = {isa = PBXFileReference; lastKnownFileType = folder.assetcatalog; path = Assets.xcassets; sourceTree = "<group>"; };
		02E59CEB2AA9A34100D4D2A7 /* Base */ = {isa = PBXFileReference; lastKnownFileType = file.storyboard; name = Base; path = Base.lproj/LaunchScreen.storyboard; sourceTree = "<group>"; };
		02E59CED2AA9A34100D4D2A7 /* Info.plist */ = {isa = PBXFileReference; lastKnownFileType = text.plist.xml; path = Info.plist; sourceTree = "<group>"; };
		02E59CF42AA9A42200D4D2A7 /* MainViewController.swift */ = {isa = PBXFileReference; lastKnownFileType = sourcecode.swift; path = MainViewController.swift; sourceTree = "<group>"; };
		02E59CF72AA9A45D00D4D2A7 /* BaseViewController.swift */ = {isa = PBXFileReference; lastKnownFileType = sourcecode.swift; path = BaseViewController.swift; sourceTree = "<group>"; };
		02E59CF92AA9A47D00D4D2A7 /* BseView.swift */ = {isa = PBXFileReference; lastKnownFileType = sourcecode.swift; path = BseView.swift; sourceTree = "<group>"; };
		02E59CFB2AA9A4C200D4D2A7 /* BaseCollectionViewCell.swift */ = {isa = PBXFileReference; lastKnownFileType = sourcecode.swift; path = BaseCollectionViewCell.swift; sourceTree = "<group>"; };
		02E59CFE2AA9A5F900D4D2A7 /* MainView.swift */ = {isa = PBXFileReference; lastKnownFileType = sourcecode.swift; path = MainView.swift; sourceTree = "<group>"; };
		02E59D002AA9A71600D4D2A7 /* MainCollectionViewCell.swift */ = {isa = PBXFileReference; lastKnownFileType = sourcecode.swift; path = MainCollectionViewCell.swift; sourceTree = "<group>"; };
		02E59D132AA9ACCC00D4D2A7 /* LikeViewController.swift */ = {isa = PBXFileReference; lastKnownFileType = sourcecode.swift; path = LikeViewController.swift; sourceTree = "<group>"; };
/* End PBXFileReference section */

/* Begin PBXFrameworksBuildPhase section */
		02E59CD92AA9A34000D4D2A7 /* Frameworks */ = {
			isa = PBXFrameworksBuildPhase;
			buildActionMask = 2147483647;
			files = (
				020F538B2AAD85B400665871 /* RealmSwift in Frameworks */,
				02E59D0A2AA9A7B500D4D2A7 /* Kingfisher in Frameworks */,
				02E59D042AA9A78D00D4D2A7 /* SnapKit in Frameworks */,
				02E59D072AA9A7A400D4D2A7 /* Alamofire in Frameworks */,
				02E59D102AA9A7F700D4D2A7 /* Zip in Frameworks */,
				020F53892AAD85B400665871 /* Realm in Frameworks */,
			);
			runOnlyForDeploymentPostprocessing = 0;
		};
/* End PBXFrameworksBuildPhase section */

/* Begin PBXGroup section */
		020F537E2AACAF1900665871 /* Detail */ = {
			isa = PBXGroup;
			children = (
				020F537F2AACAF7000665871 /* WebViewController.swift */,
			);
			path = Detail;
			sourceTree = "<group>";
		};
		022C838C2AABFA3E00A8651A /* Network */ = {
			isa = PBXGroup;
			children = (
				022C838D2AABFA9000A8651A /* NetworkManager.swift */,
				022C838F2AABFAA000A8651A /* API Key.swift */,
				022C83952AAC11A700A8651A /* ShopModel.swift */,
				022C83912AABFAB600A8651A /* .gitignore */,
			);
			path = Network;
			sourceTree = "<group>";
		};
		022C83972AAC68B400A8651A /* Realm */ = {
			isa = PBXGroup;
			children = (
				020F53852AAD84DE00665871 /* RealmModel.swift */,
				020F538C2AAD997600665871 /* LikeTableRepository.swift */,
			);
			path = Realm;
			sourceTree = "<group>";
		};
		02E59CD32AA9A34000D4D2A7 = {
			isa = PBXGroup;
			children = (
				022C83972AAC68B400A8651A /* Realm */,
				022C838C2AABFA3E00A8651A /* Network */,
				02E59CF62AA9A44E00D4D2A7 /* Base */,
				02E59CF32AA9A3E400D4D2A7 /* Main */,
				02E59D122AA9AC8000D4D2A7 /* Like */,
				020F537E2AACAF1900665871 /* Detail */,
				02E59CDE2AA9A34000D4D2A7 /* Recap Shopping */,
				02E59CDD2AA9A34000D4D2A7 /* Products */,
			);
			sourceTree = "<group>";
		};
		02E59CDD2AA9A34000D4D2A7 /* Products */ = {
			isa = PBXGroup;
			children = (
				02E59CDC2AA9A34000D4D2A7 /* Recap Shopping.app */,
			);
			name = Products;
			sourceTree = "<group>";
		};
		02E59CDE2AA9A34000D4D2A7 /* Recap Shopping */ = {
			isa = PBXGroup;
			children = (
				02E59CDF2AA9A34000D4D2A7 /* AppDelegate.swift */,
				02E59CE12AA9A34000D4D2A7 /* SceneDelegate.swift */,
				02E59CE32AA9A34000D4D2A7 /* ViewController.swift */,
				02E59CE82AA9A34100D4D2A7 /* Assets.xcassets */,
				02E59CEA2AA9A34100D4D2A7 /* LaunchScreen.storyboard */,
				02E59CED2AA9A34100D4D2A7 /* Info.plist */,
			);
			path = "Recap Shopping";
			sourceTree = "<group>";
		};
		02E59CF32AA9A3E400D4D2A7 /* Main */ = {
			isa = PBXGroup;
			children = (
				02E59CF42AA9A42200D4D2A7 /* MainViewController.swift */,
				02E59CFE2AA9A5F900D4D2A7 /* MainView.swift */,
				02E59D002AA9A71600D4D2A7 /* MainCollectionViewCell.swift */,
			);
			path = Main;
			sourceTree = "<group>";
		};
		02E59CF62AA9A44E00D4D2A7 /* Base */ = {
			isa = PBXGroup;
			children = (
				02E59CF72AA9A45D00D4D2A7 /* BaseViewController.swift */,
				02E59CF92AA9A47D00D4D2A7 /* BseView.swift */,
				02E59CFB2AA9A4C200D4D2A7 /* BaseCollectionViewCell.swift */,
			);
			path = Base;
			sourceTree = "<group>";
		};
		02E59D122AA9AC8000D4D2A7 /* Like */ = {
			isa = PBXGroup;
			children = (
				02E59D132AA9ACCC00D4D2A7 /* LikeViewController.swift */,
				020F53832AACE69F00665871 /* LikeView.swift */,
				020F53812AACE3BE00665871 /* LikeCollectionViewCell.swift */,
			);
			path = Like;
			sourceTree = "<group>";
		};
/* End PBXGroup section */

/* Begin PBXNativeTarget section */
		02E59CDB2AA9A34000D4D2A7 /* Recap Shopping */ = {
			isa = PBXNativeTarget;
			buildConfigurationList = 02E59CF02AA9A34100D4D2A7 /* Build configuration list for PBXNativeTarget "Recap Shopping" */;
			buildPhases = (
				02E59CD82AA9A34000D4D2A7 /* Sources */,
				02E59CD92AA9A34000D4D2A7 /* Frameworks */,
				02E59CDA2AA9A34000D4D2A7 /* Resources */,
			);
			buildRules = (
			);
			dependencies = (
			);
			name = "Recap Shopping";
			packageProductDependencies = (
				02E59D032AA9A78D00D4D2A7 /* SnapKit */,
				02E59D062AA9A7A400D4D2A7 /* Alamofire */,
				02E59D092AA9A7B500D4D2A7 /* Kingfisher */,
				02E59D0F2AA9A7F700D4D2A7 /* Zip */,
				020F53882AAD85B400665871 /* Realm */,
				020F538A2AAD85B400665871 /* RealmSwift */,
			);
			productName = "Recap Shopping";
			productReference = 02E59CDC2AA9A34000D4D2A7 /* Recap Shopping.app */;
			productType = "com.apple.product-type.application";
		};
/* End PBXNativeTarget section */

/* Begin PBXProject section */
		02E59CD42AA9A34000D4D2A7 /* Project object */ = {
			isa = PBXProject;
			attributes = {
				BuildIndependentTargetsInParallel = 1;
				LastSwiftUpdateCheck = 1430;
				LastUpgradeCheck = 1430;
				TargetAttributes = {
					02E59CDB2AA9A34000D4D2A7 = {
						CreatedOnToolsVersion = 14.3.1;
					};
				};
			};
			buildConfigurationList = 02E59CD72AA9A34000D4D2A7 /* Build configuration list for PBXProject "Recap Shopping" */;
			compatibilityVersion = "Xcode 14.0";
			developmentRegion = en;
			hasScannedForEncodings = 0;
			knownRegions = (
				en,
				Base,
			);
			mainGroup = 02E59CD32AA9A34000D4D2A7;
			packageReferences = (
				02E59D022AA9A78D00D4D2A7 /* XCRemoteSwiftPackageReference "SnapKit" */,
				02E59D052AA9A7A400D4D2A7 /* XCRemoteSwiftPackageReference "Alamofire" */,
				02E59D082AA9A7B500D4D2A7 /* XCRemoteSwiftPackageReference "Kingfisher" */,
				02E59D0E2AA9A7F700D4D2A7 /* XCRemoteSwiftPackageReference "Zip" */,
				020F53872AAD85B400665871 /* XCRemoteSwiftPackageReference "realm-swift" */,
			);
			productRefGroup = 02E59CDD2AA9A34000D4D2A7 /* Products */;
			projectDirPath = "";
			projectRoot = "";
			targets = (
				02E59CDB2AA9A34000D4D2A7 /* Recap Shopping */,
			);
		};
/* End PBXProject section */

/* Begin PBXResourcesBuildPhase section */
		02E59CDA2AA9A34000D4D2A7 /* Resources */ = {
			isa = PBXResourcesBuildPhase;
			buildActionMask = 2147483647;
			files = (
				02E59CEC2AA9A34100D4D2A7 /* LaunchScreen.storyboard in Resources */,
				022C83922AABFAB600A8651A /* .gitignore in Resources */,
				02E59CE92AA9A34100D4D2A7 /* Assets.xcassets in Resources */,
			);
			runOnlyForDeploymentPostprocessing = 0;
		};
/* End PBXResourcesBuildPhase section */

/* Begin PBXSourcesBuildPhase section */
		02E59CD82AA9A34000D4D2A7 /* Sources */ = {
			isa = PBXSourcesBuildPhase;
			buildActionMask = 2147483647;
			files = (
				02E59CF82AA9A45D00D4D2A7 /* BaseViewController.swift in Sources */,
				02E59D012AA9A71600D4D2A7 /* MainCollectionViewCell.swift in Sources */,
				02E59CFF2AA9A5F900D4D2A7 /* MainView.swift in Sources */,
				022C83902AABFAA100A8651A /* API Key.swift in Sources */,
				02E59CFC2AA9A4C200D4D2A7 /* BaseCollectionViewCell.swift in Sources */,
				022C838E2AABFA9000A8651A /* NetworkManager.swift in Sources */,
				02E59CFA2AA9A47D00D4D2A7 /* BseView.swift in Sources */,
				020F538D2AAD997600665871 /* LikeTableRepository.swift in Sources */,
				020F53822AACE3BE00665871 /* LikeCollectionViewCell.swift in Sources */,
				022C83962AAC11A700A8651A /* ShopModel.swift in Sources */,
				020F53842AACE69F00665871 /* LikeView.swift in Sources */,
				02E59CE42AA9A34000D4D2A7 /* ViewController.swift in Sources */,
				02E59CE02AA9A34000D4D2A7 /* AppDelegate.swift in Sources */,
				020F53862AAD84DE00665871 /* RealmModel.swift in Sources */,
				02E59CE22AA9A34000D4D2A7 /* SceneDelegate.swift in Sources */,
				02E59CF52AA9A42200D4D2A7 /* MainViewController.swift in Sources */,
				020F53802AACAF7000665871 /* WebViewController.swift in Sources */,
				02E59D142AA9ACCC00D4D2A7 /* LikeViewController.swift in Sources */,
			);
			runOnlyForDeploymentPostprocessing = 0;
		};
/* End PBXSourcesBuildPhase section */

/* Begin PBXVariantGroup section */
		02E59CEA2AA9A34100D4D2A7 /* LaunchScreen.storyboard */ = {
			isa = PBXVariantGroup;
			children = (
				02E59CEB2AA9A34100D4D2A7 /* Base */,
			);
			name = LaunchScreen.storyboard;
			sourceTree = "<group>";
		};
/* End PBXVariantGroup section */

/* Begin XCBuildConfiguration section */
		02E59CEE2AA9A34100D4D2A7 /* Debug */ = {
			isa = XCBuildConfiguration;
			buildSettings = {
				ALWAYS_SEARCH_USER_PATHS = NO;
				CLANG_ANALYZER_NONNULL = YES;
				CLANG_ANALYZER_NUMBER_OBJECT_CONVERSION = YES_AGGRESSIVE;
				CLANG_CXX_LANGUAGE_STANDARD = "gnu++20";
				CLANG_ENABLE_MODULES = YES;
				CLANG_ENABLE_OBJC_ARC = YES;
				CLANG_ENABLE_OBJC_WEAK = YES;
				CLANG_WARN_BLOCK_CAPTURE_AUTORELEASING = YES;
				CLANG_WARN_BOOL_CONVERSION = YES;
				CLANG_WARN_COMMA = YES;
				CLANG_WARN_CONSTANT_CONVERSION = YES;
				CLANG_WARN_DEPRECATED_OBJC_IMPLEMENTATIONS = YES;
				CLANG_WARN_DIRECT_OBJC_ISA_USAGE = YES_ERROR;
				CLANG_WARN_DOCUMENTATION_COMMENTS = YES;
				CLANG_WARN_EMPTY_BODY = YES;
				CLANG_WARN_ENUM_CONVERSION = YES;
				CLANG_WARN_INFINITE_RECURSION = YES;
				CLANG_WARN_INT_CONVERSION = YES;
				CLANG_WARN_NON_LITERAL_NULL_CONVERSION = YES;
				CLANG_WARN_OBJC_IMPLICIT_RETAIN_SELF = YES;
				CLANG_WARN_OBJC_LITERAL_CONVERSION = YES;
				CLANG_WARN_OBJC_ROOT_CLASS = YES_ERROR;
				CLANG_WARN_QUOTED_INCLUDE_IN_FRAMEWORK_HEADER = YES;
				CLANG_WARN_RANGE_LOOP_ANALYSIS = YES;
				CLANG_WARN_STRICT_PROTOTYPES = YES;
				CLANG_WARN_SUSPICIOUS_MOVE = YES;
				CLANG_WARN_UNGUARDED_AVAILABILITY = YES_AGGRESSIVE;
				CLANG_WARN_UNREACHABLE_CODE = YES;
				CLANG_WARN__DUPLICATE_METHOD_MATCH = YES;
				COPY_PHASE_STRIP = NO;
				DEBUG_INFORMATION_FORMAT = dwarf;
				ENABLE_STRICT_OBJC_MSGSEND = YES;
				ENABLE_TESTABILITY = YES;
				GCC_C_LANGUAGE_STANDARD = gnu11;
				GCC_DYNAMIC_NO_PIC = NO;
				GCC_NO_COMMON_BLOCKS = YES;
				GCC_OPTIMIZATION_LEVEL = 0;
				GCC_PREPROCESSOR_DEFINITIONS = (
					"DEBUG=1",
					"$(inherited)",
				);
				GCC_WARN_64_TO_32_BIT_CONVERSION = YES;
				GCC_WARN_ABOUT_RETURN_TYPE = YES_ERROR;
				GCC_WARN_UNDECLARED_SELECTOR = YES;
				GCC_WARN_UNINITIALIZED_AUTOS = YES_AGGRESSIVE;
				GCC_WARN_UNUSED_FUNCTION = YES;
				GCC_WARN_UNUSED_VARIABLE = YES;
				IPHONEOS_DEPLOYMENT_TARGET = 16.4;
				MTL_ENABLE_DEBUG_INFO = INCLUDE_SOURCE;
				MTL_FAST_MATH = YES;
				ONLY_ACTIVE_ARCH = YES;
				SDKROOT = iphoneos;
				SWIFT_ACTIVE_COMPILATION_CONDITIONS = DEBUG;
				SWIFT_OPTIMIZATION_LEVEL = "-Onone";
			};
			name = Debug;
		};
		02E59CEF2AA9A34100D4D2A7 /* Release */ = {
			isa = XCBuildConfiguration;
			buildSettings = {
				ALWAYS_SEARCH_USER_PATHS = NO;
				CLANG_ANALYZER_NONNULL = YES;
				CLANG_ANALYZER_NUMBER_OBJECT_CONVERSION = YES_AGGRESSIVE;
				CLANG_CXX_LANGUAGE_STANDARD = "gnu++20";
				CLANG_ENABLE_MODULES = YES;
				CLANG_ENABLE_OBJC_ARC = YES;
				CLANG_ENABLE_OBJC_WEAK = YES;
				CLANG_WARN_BLOCK_CAPTURE_AUTORELEASING = YES;
				CLANG_WARN_BOOL_CONVERSION = YES;
				CLANG_WARN_COMMA = YES;
				CLANG_WARN_CONSTANT_CONVERSION = YES;
				CLANG_WARN_DEPRECATED_OBJC_IMPLEMENTATIONS = YES;
				CLANG_WARN_DIRECT_OBJC_ISA_USAGE = YES_ERROR;
				CLANG_WARN_DOCUMENTATION_COMMENTS = YES;
				CLANG_WARN_EMPTY_BODY = YES;
				CLANG_WARN_ENUM_CONVERSION = YES;
				CLANG_WARN_INFINITE_RECURSION = YES;
				CLANG_WARN_INT_CONVERSION = YES;
				CLANG_WARN_NON_LITERAL_NULL_CONVERSION = YES;
				CLANG_WARN_OBJC_IMPLICIT_RETAIN_SELF = YES;
				CLANG_WARN_OBJC_LITERAL_CONVERSION = YES;
				CLANG_WARN_OBJC_ROOT_CLASS = YES_ERROR;
				CLANG_WARN_QUOTED_INCLUDE_IN_FRAMEWORK_HEADER = YES;
				CLANG_WARN_RANGE_LOOP_ANALYSIS = YES;
				CLANG_WARN_STRICT_PROTOTYPES = YES;
				CLANG_WARN_SUSPICIOUS_MOVE = YES;
				CLANG_WARN_UNGUARDED_AVAILABILITY = YES_AGGRESSIVE;
				CLANG_WARN_UNREACHABLE_CODE = YES;
				CLANG_WARN__DUPLICATE_METHOD_MATCH = YES;
				COPY_PHASE_STRIP = NO;
				DEBUG_INFORMATION_FORMAT = "dwarf-with-dsym";
				ENABLE_NS_ASSERTIONS = NO;
				ENABLE_STRICT_OBJC_MSGSEND = YES;
				GCC_C_LANGUAGE_STANDARD = gnu11;
				GCC_NO_COMMON_BLOCKS = YES;
				GCC_WARN_64_TO_32_BIT_CONVERSION = YES;
				GCC_WARN_ABOUT_RETURN_TYPE = YES_ERROR;
				GCC_WARN_UNDECLARED_SELECTOR = YES;
				GCC_WARN_UNINITIALIZED_AUTOS = YES_AGGRESSIVE;
				GCC_WARN_UNUSED_FUNCTION = YES;
				GCC_WARN_UNUSED_VARIABLE = YES;
				IPHONEOS_DEPLOYMENT_TARGET = 16.4;
				MTL_ENABLE_DEBUG_INFO = NO;
				MTL_FAST_MATH = YES;
				SDKROOT = iphoneos;
				SWIFT_COMPILATION_MODE = wholemodule;
				SWIFT_OPTIMIZATION_LEVEL = "-O";
				VALIDATE_PRODUCT = YES;
			};
			name = Release;
		};
		02E59CF12AA9A34100D4D2A7 /* Debug */ = {
			isa = XCBuildConfiguration;
			buildSettings = {
				ASSETCATALOG_COMPILER_APPICON_NAME = AppIcon;
				ASSETCATALOG_COMPILER_GLOBAL_ACCENT_COLOR_NAME = AccentColor;
				CODE_SIGN_STYLE = Automatic;
				CURRENT_PROJECT_VERSION = 1;
				DEVELOPMENT_TEAM = DBXHWJCYZK;
				GENERATE_INFOPLIST_FILE = YES;
				INFOPLIST_FILE = "Recap Shopping/Info.plist";
				INFOPLIST_KEY_UIApplicationSupportsIndirectInputEvents = YES;
				INFOPLIST_KEY_UILaunchStoryboardName = LaunchScreen;
				INFOPLIST_KEY_UISupportedInterfaceOrientations = UIInterfaceOrientationPortrait;
				INFOPLIST_KEY_UISupportedInterfaceOrientations_iPad = "UIInterfaceOrientationLandscapeLeft UIInterfaceOrientationLandscapeRight UIInterfaceOrientationPortrait UIInterfaceOrientationPortraitUpsideDown";
				IPHONEOS_DEPLOYMENT_TARGET = 13.0;
				LD_RUNPATH_SEARCH_PATHS = (
					"$(inherited)",
					"@executable_path/Frameworks",
				);
				MARKETING_VERSION = 1.0;
				PRODUCT_BUNDLE_IDENTIFIER = "com.lavender.sesac.Recap-Shopping";
				PRODUCT_NAME = "$(TARGET_NAME)";
				SUPPORTED_PLATFORMS = "iphoneos iphonesimulator";
				SUPPORTS_MACCATALYST = NO;
				SUPPORTS_MAC_DESIGNED_FOR_IPHONE_IPAD = NO;
				SWIFT_EMIT_LOC_STRINGS = YES;
				SWIFT_VERSION = 5.0;
				TARGETED_DEVICE_FAMILY = 1;
			};
			name = Debug;
		};
		02E59CF22AA9A34100D4D2A7 /* Release */ = {
			isa = XCBuildConfiguration;
			buildSettings = {
				ASSETCATALOG_COMPILER_APPICON_NAME = AppIcon;
				ASSETCATALOG_COMPILER_GLOBAL_ACCENT_COLOR_NAME = AccentColor;
				CODE_SIGN_STYLE = Automatic;
				CURRENT_PROJECT_VERSION = 1;
				DEVELOPMENT_TEAM = DBXHWJCYZK;
				GENERATE_INFOPLIST_FILE = YES;
				INFOPLIST_FILE = "Recap Shopping/Info.plist";
				INFOPLIST_KEY_UIApplicationSupportsIndirectInputEvents = YES;
				INFOPLIST_KEY_UILaunchStoryboardName = LaunchScreen;
				INFOPLIST_KEY_UISupportedInterfaceOrientations = UIInterfaceOrientationPortrait;
				INFOPLIST_KEY_UISupportedInterfaceOrientations_iPad = "UIInterfaceOrientationLandscapeLeft UIInterfaceOrientationLandscapeRight UIInterfaceOrientationPortrait UIInterfaceOrientationPortraitUpsideDown";
				IPHONEOS_DEPLOYMENT_TARGET = 13.0;
				LD_RUNPATH_SEARCH_PATHS = (
					"$(inherited)",
					"@executable_path/Frameworks",
				);
				MARKETING_VERSION = 1.0;
				PRODUCT_BUNDLE_IDENTIFIER = "com.lavender.sesac.Recap-Shopping";
				PRODUCT_NAME = "$(TARGET_NAME)";
				SUPPORTED_PLATFORMS = "iphoneos iphonesimulator";
				SUPPORTS_MACCATALYST = NO;
				SUPPORTS_MAC_DESIGNED_FOR_IPHONE_IPAD = NO;
				SWIFT_EMIT_LOC_STRINGS = YES;
				SWIFT_VERSION = 5.0;
				TARGETED_DEVICE_FAMILY = 1;
			};
			name = Release;
		};
/* End XCBuildConfiguration section */

/* Begin XCConfigurationList section */
		02E59CD72AA9A34000D4D2A7 /* Build configuration list for PBXProject "Recap Shopping" */ = {
			isa = XCConfigurationList;
			buildConfigurations = (
				02E59CEE2AA9A34100D4D2A7 /* Debug */,
				02E59CEF2AA9A34100D4D2A7 /* Release */,
			);
			defaultConfigurationIsVisible = 0;
			defaultConfigurationName = Release;
		};
		02E59CF02AA9A34100D4D2A7 /* Build configuration list for PBXNativeTarget "Recap Shopping" */ = {
			isa = XCConfigurationList;
			buildConfigurations = (
				02E59CF12AA9A34100D4D2A7 /* Debug */,
				02E59CF22AA9A34100D4D2A7 /* Release */,
			);
			defaultConfigurationIsVisible = 0;
			defaultConfigurationName = Release;
		};
/* End XCConfigurationList section */

/* Begin XCRemoteSwiftPackageReference section */
		020F53872AAD85B400665871 /* XCRemoteSwiftPackageReference "realm-swift" */ = {
			isa = XCRemoteSwiftPackageReference;
			repositoryURL = "https://github.com/realm/realm-swift.git";
			requirement = {
				kind = upToNextMajorVersion;
				minimumVersion = 10.42.1;
			};
		};
		02E59D022AA9A78D00D4D2A7 /* XCRemoteSwiftPackageReference "SnapKit" */ = {
			isa = XCRemoteSwiftPackageReference;
			repositoryURL = "https://github.com/SnapKit/SnapKit.git";
			requirement = {
				kind = upToNextMajorVersion;
				minimumVersion = 5.0.0;
			};
		};
		02E59D052AA9A7A400D4D2A7 /* XCRemoteSwiftPackageReference "Alamofire" */ = {
			isa = XCRemoteSwiftPackageReference;
			repositoryURL = "https://github.com/Alamofire/Alamofire.git";
			requirement = {
				kind = upToNextMajorVersion;
				minimumVersion = 5.0.0;
			};
		};
		02E59D082AA9A7B500D4D2A7 /* XCRemoteSwiftPackageReference "Kingfisher" */ = {
			isa = XCRemoteSwiftPackageReference;
			repositoryURL = "https://github.com/onevcat/Kingfisher.git";
			requirement = {
				kind = upToNextMajorVersion;
				minimumVersion = 7.0.0;
			};
		};
		02E59D0E2AA9A7F700D4D2A7 /* XCRemoteSwiftPackageReference "Zip" */ = {
			isa = XCRemoteSwiftPackageReference;
			repositoryURL = "https://github.com/marmelroy/Zip.git";
			requirement = {
				kind = upToNextMajorVersion;
				minimumVersion = 2.0.0;
			};
		};
/* End XCRemoteSwiftPackageReference section */

/* Begin XCSwiftPackageProductDependency section */
		020F53882AAD85B400665871 /* Realm */ = {
			isa = XCSwiftPackageProductDependency;
			package = 020F53872AAD85B400665871 /* XCRemoteSwiftPackageReference "realm-swift" */;
			productName = Realm;
		};
		020F538A2AAD85B400665871 /* RealmSwift */ = {
			isa = XCSwiftPackageProductDependency;
			package = 020F53872AAD85B400665871 /* XCRemoteSwiftPackageReference "realm-swift" */;
			productName = RealmSwift;
		};
		02E59D032AA9A78D00D4D2A7 /* SnapKit */ = {
			isa = XCSwiftPackageProductDependency;
			package = 02E59D022AA9A78D00D4D2A7 /* XCRemoteSwiftPackageReference "SnapKit" */;
			productName = SnapKit;
		};
		02E59D062AA9A7A400D4D2A7 /* Alamofire */ = {
			isa = XCSwiftPackageProductDependency;
			package = 02E59D052AA9A7A400D4D2A7 /* XCRemoteSwiftPackageReference "Alamofire" */;
			productName = Alamofire;
		};
		02E59D092AA9A7B500D4D2A7 /* Kingfisher */ = {
			isa = XCSwiftPackageProductDependency;
			package = 02E59D082AA9A7B500D4D2A7 /* XCRemoteSwiftPackageReference "Kingfisher" */;
			productName = Kingfisher;
		};
		02E59D0F2AA9A7F700D4D2A7 /* Zip */ = {
			isa = XCSwiftPackageProductDependency;
			package = 02E59D0E2AA9A7F700D4D2A7 /* XCRemoteSwiftPackageReference "Zip" */;
			productName = Zip;
		};
/* End XCSwiftPackageProductDependency section */
	};
	rootObject = 02E59CD42AA9A34000D4D2A7 /* Project object */;
}
